
Microsoft Visual Studio Solution File, Format Version 12.00
# Visual Studio 15
Project("{FAE04EC0-301F-11D3-BF4B-00C04F79EFBC}") = "Assembly-CSharp", "Assembly-CSharp.csproj", "{F52CC151-0406-D79C-34B4-2200DC8FC45A}"
EndProject
Project("{FAE04EC0-301F-11D3-BF4B-00C04F79EFBC}") = "Assembly-CSharp-Editor", "Assembly-CSharp-Editor.csproj", "{414BD405-1F6E-0DA9-AAD4-3564FEBB96EA}"
EndProject
Global
	GlobalSection(SolutionConfigurationPlatforms) = preSolution
		Debug|Any CPU = Debug|Any CPU
		Release|Any CPU = Release|Any CPU
	EndGlobalSection
	GlobalSection(ProjectConfigurationPlatforms) = postSolution
		{F52CC151-0406-D79C-34B4-2200DC8FC45A}.Debug|Any CPU.ActiveCfg = Debug|Any CPU
		{F52CC151-0406-D79C-34B4-2200DC8FC45A}.Debug|Any CPU.Build.0 = Debug|Any CPU
		{F52CC151-0406-D79C-34B4-2200DC8FC45A}.Release|Any CPU.ActiveCfg = Release|Any CPU
		{F52CC151-0406-D79C-34B4-2200DC8FC45A}.Release|Any CPU.Build.0 = Release|Any CPU
		{414BD405-1F6E-0DA9-AAD4-3564FEBB96EA}.Debug|Any CPU.ActiveCfg = Debug|Any CPU
		{414BD405-1F6E-0DA9-AAD4-3564FEBB96EA}.Debug|Any CPU.Build.0 = Debug|Any CPU
		{414BD405-1F6E-0DA9-AAD4-3564FEBB96EA}.Release|Any CPU.ActiveCfg = Release|Any CPU
		{414BD405-1F6E-0DA9-AAD4-3564FEBB96EA}.Release|Any CPU.Build.0 = Release|Any CPU
	EndGlobalSection
	GlobalSection(SolutionProperties) = preSolution
		HideSolutionNode = FALSE
	EndGlobalSection
EndGlobal
